# This file is autogenerated, do not edit; changes may be undone by the next 'dep ensure'.


[[projects]]
  name = "github.com/miekg/dns"
  packages = ["."]
  revision = "e57bf427e68187a27e22adceac868350d7a7079b"
  version = "v1.0.7"

[[projects]]
  branch = "master"
  name = "golang.org/x/crypto"
  packages = [
    "ed25519",
    "ed25519/internal/edwards25519"
  ]
  revision = "ab813273cd59e1333f7ae7bff5d027d4aadf528c"

[[projects]]
  branch = "master"
  name = "golang.org/x/net"
  packages = [
    "bpf",
    "internal/iana",
    "internal/socket",
    "ipv4",
    "ipv6"
  ]
  revision = "8d282c4e200f6234d5df69ac4ad1ecb709c3df2c"

[solve-meta]
  analyzer-name = "dep"
  analyzer-version = 1
  inputs-digest = "0adef346792f9e8a0dda54fd4f6ec08865762a2af46eb91d3199560d4b2c2cae"
  solver-name = "gps-cdcl"
  solver-version = 1
